
Microsoft Visual Studio Solution File, Format Version 12.00
# Visual Studio Version 16
VisualStudioVersion = 16.0.29806.167
MinimumVisualStudioVersion = 10.0.40219.1
Project("{FAE04EC0-301F-11D3-BF4B-00C04F79EFBC}") = "Tema4", "Tema4\Tema4.csproj", "{808BF82D-FB1F-4A0C-AAB3-9E7AD5EE8940}"
EndProject
Global
	GlobalSection(SolutionConfigurationPlatforms) = preSolution
		Debug|Any CPU = Debug|Any CPU
		Release|Any CPU = Release|Any CPU
	EndGlobalSection
	GlobalSection(ProjectConfigurationPlatforms) = postSolution
		{808BF82D-FB1F-4A0C-AAB3-9E7AD5EE8940}.Debug|Any CPU.ActiveCfg = Debug|Any CPU
		{808BF82D-FB1F-4A0C-AAB3-9E7AD5EE8940}.Debug|Any CPU.Build.0 = Debug|Any CPU
		{808BF82D-FB1F-4A0C-AAB3-9E7AD5EE8940}.Release|Any CPU.ActiveCfg = Release|Any CPU
		{808BF82D-FB1F-4A0C-AAB3-9E7AD5EE8940}.Release|Any CPU.Build.0 = Release|Any CPU
	EndGlobalSection
	GlobalSection(SolutionProperties) = preSolution
		HideSolutionNode = FALSE
	EndGlobalSection
	GlobalSection(ExtensibilityGlobals) = postSolution
		SolutionGuid = {B27D3FC4-684C-4B47-925C-A1E1F1B4F004}
	EndGlobalSection
EndGlobal
